
Microsoft Visual Studio Solution File, Format Version 12.00
# Visual Studio 15
VisualStudioVersion = 15.0.27703.2035
MinimumVisualStudioVersion = 10.0.40219.1
Project("{9A19103F-16F7-4668-BE54-9A1E7A4F7556}") = "TestWebApplication", "TestWebApplication\TestWebApplication.csproj", "{FE117B74-CE93-4DFF-A72C-E01511B6D147}"
EndProject
Global
	GlobalSection(SolutionConfigurationPlatforms) = preSolution
		Debug|Any CPU = Debug|Any CPU
		Release|Any CPU = Release|Any CPU
	EndGlobalSection
	GlobalSection(ProjectConfigurationPlatforms) = postSolution
		{FE117B74-CE93-4DFF-A72C-E01511B6D147}.Debug|Any CPU.ActiveCfg = Debug|Any CPU
		{FE117B74-CE93-4DFF-A72C-E01511B6D147}.Debug|Any CPU.Build.0 = Debug|Any CPU
		{FE117B74-CE93-4DFF-A72C-E01511B6D147}.Release|Any CPU.ActiveCfg = Release|Any CPU
		{FE117B74-CE93-4DFF-A72C-E01511B6D147}.Release|Any CPU.Build.0 = Release|Any CPU
	EndGlobalSection
	GlobalSection(SolutionProperties) = preSolution
		HideSolutionNode = FALSE
	EndGlobalSection
	GlobalSection(ExtensibilityGlobals) = postSolution
		SolutionGuid = {54CA6CF4-8794-413C-BE7D-32AF5030E802}
	EndGlobalSection
EndGlobal
